
Microsoft Visual Studio Solution File, Format Version 12.00
# Visual Studio Version 16
VisualStudioVersion = 16.0.30717.126
MinimumVisualStudioVersion = 10.0.40219.1
Project("{FAE04EC0-301F-11D3-BF4B-00C04F79EFBC}") = "My-Account-Balance", "My-Account-Balance\My-Account-Balance.csproj", "{61170621-EBB2-468A-8F89-85FF55E6FADC}"
EndProject
Global
	GlobalSection(SolutionConfigurationPlatforms) = preSolution
		Debug|Any CPU = Debug|Any CPU
		Release|Any CPU = Release|Any CPU
	EndGlobalSection
	GlobalSection(ProjectConfigurationPlatforms) = postSolution
		{61170621-EBB2-468A-8F89-85FF55E6FADC}.Debug|Any CPU.ActiveCfg = Debug|Any CPU
		{61170621-EBB2-468A-8F89-85FF55E6FADC}.Debug|Any CPU.Build.0 = Debug|Any CPU
		{61170621-EBB2-468A-8F89-85FF55E6FADC}.Release|Any CPU.ActiveCfg = Release|Any CPU
		{61170621-EBB2-468A-8F89-85FF55E6FADC}.Release|Any CPU.Build.0 = Release|Any CPU
	EndGlobalSection
	GlobalSection(SolutionProperties) = preSolution
		HideSolutionNode = FALSE
	EndGlobalSection
	GlobalSection(ExtensibilityGlobals) = postSolution
		SolutionGuid = {CCA0D466-A1ED-4452-AE58-F62BA7583BE3}
	EndGlobalSection
EndGlobal
